
Microsoft Visual Studio Solution File, Format Version 12.00
# Visual Studio Version 17
VisualStudioVersion = 17.6.33723.286
MinimumVisualStudioVersion = 10.0.40219.1
Project("{8BC9CEB8-8B4A-11D0-8D11-00A0C91BC942}") = "ReadProcessMemoryFromInputName", "ReadProcessMemoryFromInputName\ReadProcessMemoryFromInputName.vcxproj", "{45DE8347-3FE4-4300-A698-71F770D30122}"
EndProject
Global
	GlobalSection(SolutionConfigurationPlatforms) = preSolution
		Debug|x64 = Debug|x64
		Debug|x86 = Debug|x86
		Release|x64 = Release|x64
		Release|x86 = Release|x86
	EndGlobalSection
	GlobalSection(ProjectConfigurationPlatforms) = postSolution
		{45DE8347-3FE4-4300-A698-71F770D30122}.Debug|x64.ActiveCfg = Debug|x64
		{45DE8347-3FE4-4300-A698-71F770D30122}.Debug|x64.Build.0 = Debug|x64
		{45DE8347-3FE4-4300-A698-71F770D30122}.Debug|x86.ActiveCfg = Debug|Win32
		{45DE8347-3FE4-4300-A698-71F770D30122}.Debug|x86.Build.0 = Debug|Win32
		{45DE8347-3FE4-4300-A698-71F770D30122}.Release|x64.ActiveCfg = Release|x64
		{45DE8347-3FE4-4300-A698-71F770D30122}.Release|x64.Build.0 = Release|x64
		{45DE8347-3FE4-4300-A698-71F770D30122}.Release|x86.ActiveCfg = Release|Win32
		{45DE8347-3FE4-4300-A698-71F770D30122}.Release|x86.Build.0 = Release|Win32
	EndGlobalSection
	GlobalSection(SolutionProperties) = preSolution
		HideSolutionNode = FALSE
	EndGlobalSection
	GlobalSection(ExtensibilityGlobals) = postSolution
		SolutionGuid = {5373901B-5479-42FD-BB3C-3243A230742C}
	EndGlobalSection
EndGlobal
